
Microsoft Visual Studio Solution File, Format Version 12.00
# Visual Studio Version 17
VisualStudioVersion = 17.9.34714.143
MinimumVisualStudioVersion = 10.0.40219.1
Project("{FAE04EC0-301F-11D3-BF4B-00C04F79EFBC}") = "Domain.StudentCRUD", "Domain.StudentCRUD\Domain.StudentCRUD.csproj", "{C20FB38C-0E83-4B97-8844-02BC0EFCBA3B}"
EndProject
Project("{FAE04EC0-301F-11D3-BF4B-00C04F79EFBC}") = "Application.StudentCRUD", "Application.StudentCRUD\Application.StudentCRUD.csproj", "{1DE3301E-57E9-4C59-A0E4-3BC6482C17F5}"
EndProject
Project("{FAE04EC0-301F-11D3-BF4B-00C04F79EFBC}") = "Infracturature.STudentCRUD", "Infracturature.STudentCRUD\Infracturature.STudentCRUD.csproj", "{F7BE2C6B-5C63-4CF9-AC08-69FB32DB09EC}"
EndProject
Global
	GlobalSection(SolutionConfigurationPlatforms) = preSolution
		Debug|Any CPU = Debug|Any CPU
		Release|Any CPU = Release|Any CPU
	EndGlobalSection
	GlobalSection(ProjectConfigurationPlatforms) = postSolution
		{C20FB38C-0E83-4B97-8844-02BC0EFCBA3B}.Debug|Any CPU.ActiveCfg = Debug|Any CPU
		{C20FB38C-0E83-4B97-8844-02BC0EFCBA3B}.Debug|Any CPU.Build.0 = Debug|Any CPU
		{C20FB38C-0E83-4B97-8844-02BC0EFCBA3B}.Release|Any CPU.ActiveCfg = Release|Any CPU
		{C20FB38C-0E83-4B97-8844-02BC0EFCBA3B}.Release|Any CPU.Build.0 = Release|Any CPU
		{1DE3301E-57E9-4C59-A0E4-3BC6482C17F5}.Debug|Any CPU.ActiveCfg = Debug|Any CPU
		{1DE3301E-57E9-4C59-A0E4-3BC6482C17F5}.Debug|Any CPU.Build.0 = Debug|Any CPU
		{1DE3301E-57E9-4C59-A0E4-3BC6482C17F5}.Release|Any CPU.ActiveCfg = Release|Any CPU
		{1DE3301E-57E9-4C59-A0E4-3BC6482C17F5}.Release|Any CPU.Build.0 = Release|Any CPU
		{F7BE2C6B-5C63-4CF9-AC08-69FB32DB09EC}.Debug|Any CPU.ActiveCfg = Debug|Any CPU
		{F7BE2C6B-5C63-4CF9-AC08-69FB32DB09EC}.Debug|Any CPU.Build.0 = Debug|Any CPU
		{F7BE2C6B-5C63-4CF9-AC08-69FB32DB09EC}.Release|Any CPU.ActiveCfg = Release|Any CPU
		{F7BE2C6B-5C63-4CF9-AC08-69FB32DB09EC}.Release|Any CPU.Build.0 = Release|Any CPU
	EndGlobalSection
	GlobalSection(SolutionProperties) = preSolution
		HideSolutionNode = FALSE
	EndGlobalSection
	GlobalSection(ExtensibilityGlobals) = postSolution
		SolutionGuid = {D9655AC7-2283-4278-A3A3-EFAAD75EADC3}
	EndGlobalSection
EndGlobal
